
Microsoft Visual Studio Solution File, Format Version 12.00
# Visual Studio 14
VisualStudioVersion = 14.0.23107.0
MinimumVisualStudioVersion = 10.0.40219.1
Project("{FAE04EC0-301F-11D3-BF4B-00C04F79EFBC}") = "MovieTicketBooking", "MovieTicketBooking\MovieTicketBooking.csproj", "{54D26E05-4D1E-4646-800C-965BF0C37F38}"
EndProject
Project("{FAE04EC0-301F-11D3-BF4B-00C04F79EFBC}") = "TicketBizEntity", "TicketBizEntity12\TicketBizEntity.csproj", "{7DA0EF10-BD28-4F41-A428-90645EC19F53}"
EndProject
Project("{FAE04EC0-301F-11D3-BF4B-00C04F79EFBC}") = "TicketDAL", "TicketDAL12\TicketDAL.csproj", "{8B5F0F6A-406E-46A8-B089-07ACC46FA60E}"
EndProject
Project("{FAE04EC0-301F-11D3-BF4B-00C04F79EFBC}") = "TicketBLL", "TicketBLL12\TicketBLL.csproj", "{37F6C424-FF33-46DC-B152-7CC1584116C6}"
EndProject
Global
	GlobalSection(SolutionConfigurationPlatforms) = preSolution
		Debug|Any CPU = Debug|Any CPU
		Release|Any CPU = Release|Any CPU
	EndGlobalSection
	GlobalSection(ProjectConfigurationPlatforms) = postSolution
		{54D26E05-4D1E-4646-800C-965BF0C37F38}.Debug|Any CPU.ActiveCfg = Debug|Any CPU
		{54D26E05-4D1E-4646-800C-965BF0C37F38}.Debug|Any CPU.Build.0 = Debug|Any CPU
		{54D26E05-4D1E-4646-800C-965BF0C37F38}.Release|Any CPU.ActiveCfg = Release|Any CPU
		{54D26E05-4D1E-4646-800C-965BF0C37F38}.Release|Any CPU.Build.0 = Release|Any CPU
		{7DA0EF10-BD28-4F41-A428-90645EC19F53}.Debug|Any CPU.ActiveCfg = Debug|Any CPU
		{7DA0EF10-BD28-4F41-A428-90645EC19F53}.Debug|Any CPU.Build.0 = Debug|Any CPU
		{7DA0EF10-BD28-4F41-A428-90645EC19F53}.Release|Any CPU.ActiveCfg = Release|Any CPU
		{7DA0EF10-BD28-4F41-A428-90645EC19F53}.Release|Any CPU.Build.0 = Release|Any CPU
		{8B5F0F6A-406E-46A8-B089-07ACC46FA60E}.Debug|Any CPU.ActiveCfg = Debug|Any CPU
		{8B5F0F6A-406E-46A8-B089-07ACC46FA60E}.Debug|Any CPU.Build.0 = Debug|Any CPU
		{8B5F0F6A-406E-46A8-B089-07ACC46FA60E}.Release|Any CPU.ActiveCfg = Release|Any CPU
		{8B5F0F6A-406E-46A8-B089-07ACC46FA60E}.Release|Any CPU.Build.0 = Release|Any CPU
		{37F6C424-FF33-46DC-B152-7CC1584116C6}.Debug|Any CPU.ActiveCfg = Debug|Any CPU
		{37F6C424-FF33-46DC-B152-7CC1584116C6}.Debug|Any CPU.Build.0 = Debug|Any CPU
		{37F6C424-FF33-46DC-B152-7CC1584116C6}.Release|Any CPU.ActiveCfg = Release|Any CPU
		{37F6C424-FF33-46DC-B152-7CC1584116C6}.Release|Any CPU.Build.0 = Release|Any CPU
	EndGlobalSection
	GlobalSection(SolutionProperties) = preSolution
		HideSolutionNode = FALSE
	EndGlobalSection
EndGlobal
